
Microsoft Visual Studio Solution File, Format Version 12.00
# Visual Studio Version 17
VisualStudioVersion = 17.7.34202.233
MinimumVisualStudioVersion = 10.0.40219.1
Project("{FAE04EC0-301F-11D3-BF4B-00C04F79EFBC}") = "Main", "Main\Main.csproj", "{AB0F341C-EDB9-45D5-A1FA-EB4EB9BDE7FE}"
EndProject
Project("{FAE04EC0-301F-11D3-BF4B-00C04F79EFBC}") = "BaseDados", "BaseDados\BaseDados.csproj", "{7F1CB599-4B9B-4369-BD1F-472B5633740C}"
EndProject
Project("{FAE04EC0-301F-11D3-BF4B-00C04F79EFBC}") = "RegrasNegocio", "RegrasNegocio\RegrasNegocio.csproj", "{6321EEF6-106F-4037-8212-84FFC876BC4E}"
EndProject
Project("{FAE04EC0-301F-11D3-BF4B-00C04F79EFBC}") = "ObjetosNegocio", "ObjetosNegocio\ObjetosNegocio.csproj", "{5F215994-DEA7-4C2A-AD6B-A822F6F6E437}"
EndProject
Global
	GlobalSection(SolutionConfigurationPlatforms) = preSolution
		Debug|Any CPU = Debug|Any CPU
		Release|Any CPU = Release|Any CPU
	EndGlobalSection
	GlobalSection(ProjectConfigurationPlatforms) = postSolution
		{AB0F341C-EDB9-45D5-A1FA-EB4EB9BDE7FE}.Debug|Any CPU.ActiveCfg = Debug|Any CPU
		{AB0F341C-EDB9-45D5-A1FA-EB4EB9BDE7FE}.Debug|Any CPU.Build.0 = Debug|Any CPU
		{AB0F341C-EDB9-45D5-A1FA-EB4EB9BDE7FE}.Release|Any CPU.ActiveCfg = Release|Any CPU
		{AB0F341C-EDB9-45D5-A1FA-EB4EB9BDE7FE}.Release|Any CPU.Build.0 = Release|Any CPU
		{7F1CB599-4B9B-4369-BD1F-472B5633740C}.Debug|Any CPU.ActiveCfg = Debug|Any CPU
		{7F1CB599-4B9B-4369-BD1F-472B5633740C}.Debug|Any CPU.Build.0 = Debug|Any CPU
		{7F1CB599-4B9B-4369-BD1F-472B5633740C}.Release|Any CPU.ActiveCfg = Release|Any CPU
		{7F1CB599-4B9B-4369-BD1F-472B5633740C}.Release|Any CPU.Build.0 = Release|Any CPU
		{6321EEF6-106F-4037-8212-84FFC876BC4E}.Debug|Any CPU.ActiveCfg = Debug|Any CPU
		{6321EEF6-106F-4037-8212-84FFC876BC4E}.Debug|Any CPU.Build.0 = Debug|Any CPU
		{6321EEF6-106F-4037-8212-84FFC876BC4E}.Release|Any CPU.ActiveCfg = Release|Any CPU
		{6321EEF6-106F-4037-8212-84FFC876BC4E}.Release|Any CPU.Build.0 = Release|Any CPU
		{5F215994-DEA7-4C2A-AD6B-A822F6F6E437}.Debug|Any CPU.ActiveCfg = Debug|Any CPU
		{5F215994-DEA7-4C2A-AD6B-A822F6F6E437}.Debug|Any CPU.Build.0 = Debug|Any CPU
		{5F215994-DEA7-4C2A-AD6B-A822F6F6E437}.Release|Any CPU.ActiveCfg = Release|Any CPU
		{5F215994-DEA7-4C2A-AD6B-A822F6F6E437}.Release|Any CPU.Build.0 = Release|Any CPU
	EndGlobalSection
	GlobalSection(SolutionProperties) = preSolution
		HideSolutionNode = FALSE
	EndGlobalSection
	GlobalSection(ExtensibilityGlobals) = postSolution
		SolutionGuid = {98B4CC2B-4EEC-4CC8-B4CC-FC43D92E4219}
	EndGlobalSection
EndGlobal
