
Microsoft Visual Studio Solution File, Format Version 12.00
# Visual Studio Version 17
VisualStudioVersion = 17.7.34202.233
MinimumVisualStudioVersion = 10.0.40219.1
Project("{FAE04EC0-301F-11D3-BF4B-00C04F79EFBC}") = "Main", "Main\Main.csproj", "{AB0F341C-EDB9-45D5-A1FA-EB4EB9BDE7FE}"
EndProject
Project("{FAE04EC0-301F-11D3-BF4B-00C04F79EFBC}") = "Pessoas", "Pessoas\Pessoas.csproj", "{ADFB9996-E9A1-4A0B-9241-1036201089EF}"
EndProject
Global
	GlobalSection(SolutionConfigurationPlatforms) = preSolution
		Debug|Any CPU = Debug|Any CPU
		Release|Any CPU = Release|Any CPU
	EndGlobalSection
	GlobalSection(ProjectConfigurationPlatforms) = postSolution
		{AB0F341C-EDB9-45D5-A1FA-EB4EB9BDE7FE}.Debug|Any CPU.ActiveCfg = Debug|Any CPU
		{AB0F341C-EDB9-45D5-A1FA-EB4EB9BDE7FE}.Debug|Any CPU.Build.0 = Debug|Any CPU
		{AB0F341C-EDB9-45D5-A1FA-EB4EB9BDE7FE}.Release|Any CPU.ActiveCfg = Release|Any CPU
		{AB0F341C-EDB9-45D5-A1FA-EB4EB9BDE7FE}.Release|Any CPU.Build.0 = Release|Any CPU
		{ADFB9996-E9A1-4A0B-9241-1036201089EF}.Debug|Any CPU.ActiveCfg = Debug|Any CPU
		{ADFB9996-E9A1-4A0B-9241-1036201089EF}.Debug|Any CPU.Build.0 = Debug|Any CPU
		{ADFB9996-E9A1-4A0B-9241-1036201089EF}.Release|Any CPU.ActiveCfg = Release|Any CPU
		{ADFB9996-E9A1-4A0B-9241-1036201089EF}.Release|Any CPU.Build.0 = Release|Any CPU
	EndGlobalSection
	GlobalSection(SolutionProperties) = preSolution
		HideSolutionNode = FALSE
	EndGlobalSection
	GlobalSection(ExtensibilityGlobals) = postSolution
		SolutionGuid = {98B4CC2B-4EEC-4CC8-B4CC-FC43D92E4219}
	EndGlobalSection
EndGlobal
